
Microsoft Visual Studio Solution File, Format Version 12.00
# Visual Studio Version 16
VisualStudioVersion = 16.0.30330.147
MinimumVisualStudioVersion = 10.0.40219.1
Project("{FAE04EC0-301F-11D3-BF4B-00C04F79EFBC}") = "Wellness-USC", "Wellness-USC.csproj", "{9F49BB61-EC4A-4DD5-B750-F4FB7563CEAE}"
EndProject
Global
	GlobalSection(SolutionConfigurationPlatforms) = preSolution
		Debug|Any CPU = Debug|Any CPU
		Release|Any CPU = Release|Any CPU
	EndGlobalSection
	GlobalSection(ProjectConfigurationPlatforms) = postSolution
		{9F49BB61-EC4A-4DD5-B750-F4FB7563CEAE}.Debug|Any CPU.ActiveCfg = Debug|Any CPU
		{9F49BB61-EC4A-4DD5-B750-F4FB7563CEAE}.Debug|Any CPU.Build.0 = Debug|Any CPU
		{9F49BB61-EC4A-4DD5-B750-F4FB7563CEAE}.Release|Any CPU.ActiveCfg = Release|Any CPU
		{9F49BB61-EC4A-4DD5-B750-F4FB7563CEAE}.Release|Any CPU.Build.0 = Release|Any CPU
	EndGlobalSection
	GlobalSection(SolutionProperties) = preSolution
		HideSolutionNode = FALSE
	EndGlobalSection
	GlobalSection(ExtensibilityGlobals) = postSolution
		SolutionGuid = {7FE93DD9-27CB-48A4-83C5-0C0FEF5F5D19}
	EndGlobalSection
EndGlobal
